
Microsoft Visual Studio Solution File, Format Version 12.00
# Visual Studio Version 17
VisualStudioVersion = 17.0.31903.59
MinimumVisualStudioVersion = 10.0.40219.1
Project("{FAE04EC0-301F-11D3-BF4B-00C04F79EFBC}") = "1. Encrypt, Sort, and Print Array", "1. Encrypt, Sort, and Print Array\1. Encrypt, Sort, and Print Array.csproj", "{A57FBEB9-2C95-4FAB-B25C-2B9E7BDB96B9}"
EndProject
Project("{FAE04EC0-301F-11D3-BF4B-00C04F79EFBC}") = "2. Pascal Triangle", "2. Pascal Triangle\2. Pascal Triangle.csproj", "{8E9DF9C8-A38D-4903-92E3-498A0F04C4A2}"
EndProject
Project("{FAE04EC0-301F-11D3-BF4B-00C04F79EFBC}") = "3. Recursive Fibonacci", "3. Recursive Fibonacci\3. Recursive Fibonacci.csproj", "{5FC9340A-C5DD-40BC-9D70-E30763EC7D25}"
EndProject
Project("{FAE04EC0-301F-11D3-BF4B-00C04F79EFBC}") = "4. Fold and Sum", "4. Fold and Sum\4. Fold and Sum.csproj", "{7FDC7699-09A5-4360-BDAC-52C466304E1E}"
EndProject
Global
	GlobalSection(SolutionConfigurationPlatforms) = preSolution
		Debug|Any CPU = Debug|Any CPU
		Release|Any CPU = Release|Any CPU
	EndGlobalSection
	GlobalSection(ProjectConfigurationPlatforms) = postSolution
		{A57FBEB9-2C95-4FAB-B25C-2B9E7BDB96B9}.Debug|Any CPU.ActiveCfg = Debug|Any CPU
		{A57FBEB9-2C95-4FAB-B25C-2B9E7BDB96B9}.Debug|Any CPU.Build.0 = Debug|Any CPU
		{A57FBEB9-2C95-4FAB-B25C-2B9E7BDB96B9}.Release|Any CPU.ActiveCfg = Release|Any CPU
		{A57FBEB9-2C95-4FAB-B25C-2B9E7BDB96B9}.Release|Any CPU.Build.0 = Release|Any CPU
		{8E9DF9C8-A38D-4903-92E3-498A0F04C4A2}.Debug|Any CPU.ActiveCfg = Debug|Any CPU
		{8E9DF9C8-A38D-4903-92E3-498A0F04C4A2}.Debug|Any CPU.Build.0 = Debug|Any CPU
		{8E9DF9C8-A38D-4903-92E3-498A0F04C4A2}.Release|Any CPU.ActiveCfg = Release|Any CPU
		{8E9DF9C8-A38D-4903-92E3-498A0F04C4A2}.Release|Any CPU.Build.0 = Release|Any CPU
		{5FC9340A-C5DD-40BC-9D70-E30763EC7D25}.Debug|Any CPU.ActiveCfg = Debug|Any CPU
		{5FC9340A-C5DD-40BC-9D70-E30763EC7D25}.Debug|Any CPU.Build.0 = Debug|Any CPU
		{5FC9340A-C5DD-40BC-9D70-E30763EC7D25}.Release|Any CPU.ActiveCfg = Release|Any CPU
		{5FC9340A-C5DD-40BC-9D70-E30763EC7D25}.Release|Any CPU.Build.0 = Release|Any CPU
		{7FDC7699-09A5-4360-BDAC-52C466304E1E}.Debug|Any CPU.ActiveCfg = Debug|Any CPU
		{7FDC7699-09A5-4360-BDAC-52C466304E1E}.Debug|Any CPU.Build.0 = Debug|Any CPU
		{7FDC7699-09A5-4360-BDAC-52C466304E1E}.Release|Any CPU.ActiveCfg = Release|Any CPU
		{7FDC7699-09A5-4360-BDAC-52C466304E1E}.Release|Any CPU.Build.0 = Release|Any CPU
	EndGlobalSection
	GlobalSection(SolutionProperties) = preSolution
		HideSolutionNode = FALSE
	EndGlobalSection
	GlobalSection(ExtensibilityGlobals) = postSolution
		SolutionGuid = {86138C49-68E5-48E4-BCB4-A351D66973D3}
	EndGlobalSection
EndGlobal
