
Microsoft Visual Studio Solution File, Format Version 12.00
# Visual Studio Version 17
VisualStudioVersion = 17.1.32210.238
MinimumVisualStudioVersion = 10.0.40219.1
Project("{FAE04EC0-301F-11D3-BF4B-00C04F79EFBC}") = "01. Guinea Pig", "01. Guinea Pig\01. Guinea Pig.csproj", "{8AAF7189-156C-41F4-A25E-E119F1676513}"
EndProject
Global
	GlobalSection(SolutionConfigurationPlatforms) = preSolution
		Debug|Any CPU = Debug|Any CPU
		Release|Any CPU = Release|Any CPU
	EndGlobalSection
	GlobalSection(ProjectConfigurationPlatforms) = postSolution
		{8AAF7189-156C-41F4-A25E-E119F1676513}.Debug|Any CPU.ActiveCfg = Debug|Any CPU
		{8AAF7189-156C-41F4-A25E-E119F1676513}.Debug|Any CPU.Build.0 = Debug|Any CPU
		{8AAF7189-156C-41F4-A25E-E119F1676513}.Release|Any CPU.ActiveCfg = Release|Any CPU
		{8AAF7189-156C-41F4-A25E-E119F1676513}.Release|Any CPU.Build.0 = Release|Any CPU
	EndGlobalSection
	GlobalSection(SolutionProperties) = preSolution
		HideSolutionNode = FALSE
	EndGlobalSection
	GlobalSection(ExtensibilityGlobals) = postSolution
		SolutionGuid = {B76B544F-B77E-4223-9E07-B78692E70159}
	EndGlobalSection
EndGlobal
