
Microsoft Visual Studio Solution File, Format Version 12.00
# Visual Studio Version 17
VisualStudioVersion = 17.1.32210.238
MinimumVisualStudioVersion = 10.0.40219.1
Project("{FAE04EC0-301F-11D3-BF4B-00C04F79EFBC}") = "01. Count Real Numbers", "01. Count Real Numbers\01. Count Real Numbers.csproj", "{EE9879E7-1029-4813-A266-B8AEB6459D34}"
EndProject
Project("{FAE04EC0-301F-11D3-BF4B-00C04F79EFBC}") = "02. Odd Occurrences", "02. Odd Occurrences\02. Odd Occurrences.csproj", "{9B9FE820-C6C9-4925-A4FF-773F6FA359F4}"
EndProject
Project("{FAE04EC0-301F-11D3-BF4B-00C04F79EFBC}") = "03. Word Synonims", "03. Word Synonims\03. Word Synonims.csproj", "{D2B17BDA-8C29-4FB3-B31C-2C9F5837DE87}"
EndProject
Project("{FAE04EC0-301F-11D3-BF4B-00C04F79EFBC}") = "04. Word Filter", "04. Word Filter\04. Word Filter.csproj", "{B7F9BBD1-8A5C-445D-BDE4-9A99048E677C}"
EndProject
Global
	GlobalSection(SolutionConfigurationPlatforms) = preSolution
		Debug|Any CPU = Debug|Any CPU
		Release|Any CPU = Release|Any CPU
	EndGlobalSection
	GlobalSection(ProjectConfigurationPlatforms) = postSolution
		{EE9879E7-1029-4813-A266-B8AEB6459D34}.Debug|Any CPU.ActiveCfg = Debug|Any CPU
		{EE9879E7-1029-4813-A266-B8AEB6459D34}.Debug|Any CPU.Build.0 = Debug|Any CPU
		{EE9879E7-1029-4813-A266-B8AEB6459D34}.Release|Any CPU.ActiveCfg = Release|Any CPU
		{EE9879E7-1029-4813-A266-B8AEB6459D34}.Release|Any CPU.Build.0 = Release|Any CPU
		{9B9FE820-C6C9-4925-A4FF-773F6FA359F4}.Debug|Any CPU.ActiveCfg = Debug|Any CPU
		{9B9FE820-C6C9-4925-A4FF-773F6FA359F4}.Debug|Any CPU.Build.0 = Debug|Any CPU
		{9B9FE820-C6C9-4925-A4FF-773F6FA359F4}.Release|Any CPU.ActiveCfg = Release|Any CPU
		{9B9FE820-C6C9-4925-A4FF-773F6FA359F4}.Release|Any CPU.Build.0 = Release|Any CPU
		{D2B17BDA-8C29-4FB3-B31C-2C9F5837DE87}.Debug|Any CPU.ActiveCfg = Debug|Any CPU
		{D2B17BDA-8C29-4FB3-B31C-2C9F5837DE87}.Debug|Any CPU.Build.0 = Debug|Any CPU
		{D2B17BDA-8C29-4FB3-B31C-2C9F5837DE87}.Release|Any CPU.ActiveCfg = Release|Any CPU
		{D2B17BDA-8C29-4FB3-B31C-2C9F5837DE87}.Release|Any CPU.Build.0 = Release|Any CPU
		{B7F9BBD1-8A5C-445D-BDE4-9A99048E677C}.Debug|Any CPU.ActiveCfg = Debug|Any CPU
		{B7F9BBD1-8A5C-445D-BDE4-9A99048E677C}.Debug|Any CPU.Build.0 = Debug|Any CPU
		{B7F9BBD1-8A5C-445D-BDE4-9A99048E677C}.Release|Any CPU.ActiveCfg = Release|Any CPU
		{B7F9BBD1-8A5C-445D-BDE4-9A99048E677C}.Release|Any CPU.Build.0 = Release|Any CPU
	EndGlobalSection
	GlobalSection(SolutionProperties) = preSolution
		HideSolutionNode = FALSE
	EndGlobalSection
	GlobalSection(ExtensibilityGlobals) = postSolution
		SolutionGuid = {71EDF442-DDD7-45B5-868D-A9BBA12A0B92}
	EndGlobalSection
EndGlobal
