
Microsoft Visual Studio Solution File, Format Version 12.00
# Visual Studio Version 17
VisualStudioVersion = 17.1.32210.238
MinimumVisualStudioVersion = 10.0.40219.1
Project("{FAE04EC0-301F-11D3-BF4B-00C04F79EFBC}") = "01. Decrypting Commands", "01. Decrypting Commands\01. Decrypting Commands.csproj", "{D04C8913-A988-4390-B06C-2F595FC5B6FF}"
EndProject
Project("{FAE04EC0-301F-11D3-BF4B-00C04F79EFBC}") = "02. Encrypting Password", "02. Encrypting Password\02. Encrypting Password.csproj", "{DA9252DD-0347-41BA-B37C-C3039D5EC432}"
EndProject
Project("{FAE04EC0-301F-11D3-BF4B-00C04F79EFBC}") = "03. Dictionary", "03. Dictionary\03. Dictionary.csproj", "{661D38F6-EA49-4A90-AD1F-EB0DF1DF68E7}"
EndProject
Project("{FAE04EC0-301F-11D3-BF4B-00C04F79EFBC}") = "ConsoleApp1", "ConsoleApp1\ConsoleApp1.csproj", "{DC4D5750-A477-4F5F-BCFB-B922BBAFEE27}"
EndProject
Global
	GlobalSection(SolutionConfigurationPlatforms) = preSolution
		Debug|Any CPU = Debug|Any CPU
		Release|Any CPU = Release|Any CPU
	EndGlobalSection
	GlobalSection(ProjectConfigurationPlatforms) = postSolution
		{D04C8913-A988-4390-B06C-2F595FC5B6FF}.Debug|Any CPU.ActiveCfg = Debug|Any CPU
		{D04C8913-A988-4390-B06C-2F595FC5B6FF}.Debug|Any CPU.Build.0 = Debug|Any CPU
		{D04C8913-A988-4390-B06C-2F595FC5B6FF}.Release|Any CPU.ActiveCfg = Release|Any CPU
		{D04C8913-A988-4390-B06C-2F595FC5B6FF}.Release|Any CPU.Build.0 = Release|Any CPU
		{DA9252DD-0347-41BA-B37C-C3039D5EC432}.Debug|Any CPU.ActiveCfg = Debug|Any CPU
		{DA9252DD-0347-41BA-B37C-C3039D5EC432}.Debug|Any CPU.Build.0 = Debug|Any CPU
		{DA9252DD-0347-41BA-B37C-C3039D5EC432}.Release|Any CPU.ActiveCfg = Release|Any CPU
		{DA9252DD-0347-41BA-B37C-C3039D5EC432}.Release|Any CPU.Build.0 = Release|Any CPU
		{661D38F6-EA49-4A90-AD1F-EB0DF1DF68E7}.Debug|Any CPU.ActiveCfg = Debug|Any CPU
		{661D38F6-EA49-4A90-AD1F-EB0DF1DF68E7}.Debug|Any CPU.Build.0 = Debug|Any CPU
		{661D38F6-EA49-4A90-AD1F-EB0DF1DF68E7}.Release|Any CPU.ActiveCfg = Release|Any CPU
		{661D38F6-EA49-4A90-AD1F-EB0DF1DF68E7}.Release|Any CPU.Build.0 = Release|Any CPU
		{DC4D5750-A477-4F5F-BCFB-B922BBAFEE27}.Debug|Any CPU.ActiveCfg = Debug|Any CPU
		{DC4D5750-A477-4F5F-BCFB-B922BBAFEE27}.Debug|Any CPU.Build.0 = Debug|Any CPU
		{DC4D5750-A477-4F5F-BCFB-B922BBAFEE27}.Release|Any CPU.ActiveCfg = Release|Any CPU
		{DC4D5750-A477-4F5F-BCFB-B922BBAFEE27}.Release|Any CPU.Build.0 = Release|Any CPU
	EndGlobalSection
	GlobalSection(SolutionProperties) = preSolution
		HideSolutionNode = FALSE
	EndGlobalSection
	GlobalSection(ExtensibilityGlobals) = postSolution
		SolutionGuid = {D06FA8B7-70E4-4053-8FF9-0F515AFDC4B2}
	EndGlobalSection
EndGlobal
