
Microsoft Visual Studio Solution File, Format Version 12.00
# Visual Studio Version 17
VisualStudioVersion = 17.1.32210.238
MinimumVisualStudioVersion = 10.0.40219.1
Project("{FAE04EC0-301F-11D3-BF4B-00C04F79EFBC}") = "01. Count Chars in String", "01. Count Chars in String\01. Count Chars in String.csproj", "{258FF32E-8718-4D2A-8541-046044ECF56C}"
EndProject
Project("{FAE04EC0-301F-11D3-BF4B-00C04F79EFBC}") = "02. Miner Task", "02. Miner Task\02. Miner Task.csproj", "{F8D12B19-6D0F-4011-BBB1-A4803DCB0342}"
EndProject
Project("{FAE04EC0-301F-11D3-BF4B-00C04F79EFBC}") = "03. Legendary Farming", "03. Legendary Farming\03. Legendary Farming.csproj", "{C39878FD-9B0E-42F0-A8F0-4E35FE5FECCF}"
EndProject
Project("{FAE04EC0-301F-11D3-BF4B-00C04F79EFBC}") = "04. Orders", "04. Orders\04. Orders.csproj", "{8C371AB2-D82B-41C8-986A-1E208C5B7E2B}"
EndProject
Project("{FAE04EC0-301F-11D3-BF4B-00C04F79EFBC}") = "04. Orders new", "04. Orders new\04. Orders new.csproj", "{D2717EEE-F891-4BA2-95F5-DAA1171D80CC}"
EndProject
Project("{FAE04EC0-301F-11D3-BF4B-00C04F79EFBC}") = "05. SoftUni Parking", "05. SoftUni Parking\05. SoftUni Parking.csproj", "{04B42EEB-2F49-4DC4-88A7-DFCBBA0131D8}"
EndProject
Project("{FAE04EC0-301F-11D3-BF4B-00C04F79EFBC}") = "06. Courses", "06. Courses\06. Courses.csproj", "{25FD6EBA-504C-468B-8CE4-5B04F4E09FFE}"
EndProject
Project("{FAE04EC0-301F-11D3-BF4B-00C04F79EFBC}") = "07. Student Academy", "07. Student Academy\07. Student Academy.csproj", "{22744121-F78A-4E7E-9091-197958F1FE68}"
EndProject
Project("{FAE04EC0-301F-11D3-BF4B-00C04F79EFBC}") = "08. Company Users", "08. Company Users\08. Company Users.csproj", "{CF9C7955-1C0F-444A-A631-8283CD766C4A}"
EndProject
Global
	GlobalSection(SolutionConfigurationPlatforms) = preSolution
		Debug|Any CPU = Debug|Any CPU
		Release|Any CPU = Release|Any CPU
	EndGlobalSection
	GlobalSection(ProjectConfigurationPlatforms) = postSolution
		{258FF32E-8718-4D2A-8541-046044ECF56C}.Debug|Any CPU.ActiveCfg = Debug|Any CPU
		{258FF32E-8718-4D2A-8541-046044ECF56C}.Debug|Any CPU.Build.0 = Debug|Any CPU
		{258FF32E-8718-4D2A-8541-046044ECF56C}.Release|Any CPU.ActiveCfg = Release|Any CPU
		{258FF32E-8718-4D2A-8541-046044ECF56C}.Release|Any CPU.Build.0 = Release|Any CPU
		{F8D12B19-6D0F-4011-BBB1-A4803DCB0342}.Debug|Any CPU.ActiveCfg = Debug|Any CPU
		{F8D12B19-6D0F-4011-BBB1-A4803DCB0342}.Debug|Any CPU.Build.0 = Debug|Any CPU
		{F8D12B19-6D0F-4011-BBB1-A4803DCB0342}.Release|Any CPU.ActiveCfg = Release|Any CPU
		{F8D12B19-6D0F-4011-BBB1-A4803DCB0342}.Release|Any CPU.Build.0 = Release|Any CPU
		{C39878FD-9B0E-42F0-A8F0-4E35FE5FECCF}.Debug|Any CPU.ActiveCfg = Debug|Any CPU
		{C39878FD-9B0E-42F0-A8F0-4E35FE5FECCF}.Debug|Any CPU.Build.0 = Debug|Any CPU
		{C39878FD-9B0E-42F0-A8F0-4E35FE5FECCF}.Release|Any CPU.ActiveCfg = Release|Any CPU
		{C39878FD-9B0E-42F0-A8F0-4E35FE5FECCF}.Release|Any CPU.Build.0 = Release|Any CPU
		{8C371AB2-D82B-41C8-986A-1E208C5B7E2B}.Debug|Any CPU.ActiveCfg = Debug|Any CPU
		{8C371AB2-D82B-41C8-986A-1E208C5B7E2B}.Debug|Any CPU.Build.0 = Debug|Any CPU
		{8C371AB2-D82B-41C8-986A-1E208C5B7E2B}.Release|Any CPU.ActiveCfg = Release|Any CPU
		{8C371AB2-D82B-41C8-986A-1E208C5B7E2B}.Release|Any CPU.Build.0 = Release|Any CPU
		{D2717EEE-F891-4BA2-95F5-DAA1171D80CC}.Debug|Any CPU.ActiveCfg = Debug|Any CPU
		{D2717EEE-F891-4BA2-95F5-DAA1171D80CC}.Debug|Any CPU.Build.0 = Debug|Any CPU
		{D2717EEE-F891-4BA2-95F5-DAA1171D80CC}.Release|Any CPU.ActiveCfg = Release|Any CPU
		{D2717EEE-F891-4BA2-95F5-DAA1171D80CC}.Release|Any CPU.Build.0 = Release|Any CPU
		{04B42EEB-2F49-4DC4-88A7-DFCBBA0131D8}.Debug|Any CPU.ActiveCfg = Debug|Any CPU
		{04B42EEB-2F49-4DC4-88A7-DFCBBA0131D8}.Debug|Any CPU.Build.0 = Debug|Any CPU
		{04B42EEB-2F49-4DC4-88A7-DFCBBA0131D8}.Release|Any CPU.ActiveCfg = Release|Any CPU
		{04B42EEB-2F49-4DC4-88A7-DFCBBA0131D8}.Release|Any CPU.Build.0 = Release|Any CPU
		{25FD6EBA-504C-468B-8CE4-5B04F4E09FFE}.Debug|Any CPU.ActiveCfg = Debug|Any CPU
		{25FD6EBA-504C-468B-8CE4-5B04F4E09FFE}.Debug|Any CPU.Build.0 = Debug|Any CPU
		{25FD6EBA-504C-468B-8CE4-5B04F4E09FFE}.Release|Any CPU.ActiveCfg = Release|Any CPU
		{25FD6EBA-504C-468B-8CE4-5B04F4E09FFE}.Release|Any CPU.Build.0 = Release|Any CPU
		{22744121-F78A-4E7E-9091-197958F1FE68}.Debug|Any CPU.ActiveCfg = Debug|Any CPU
		{22744121-F78A-4E7E-9091-197958F1FE68}.Debug|Any CPU.Build.0 = Debug|Any CPU
		{22744121-F78A-4E7E-9091-197958F1FE68}.Release|Any CPU.ActiveCfg = Release|Any CPU
		{22744121-F78A-4E7E-9091-197958F1FE68}.Release|Any CPU.Build.0 = Release|Any CPU
		{CF9C7955-1C0F-444A-A631-8283CD766C4A}.Debug|Any CPU.ActiveCfg = Debug|Any CPU
		{CF9C7955-1C0F-444A-A631-8283CD766C4A}.Debug|Any CPU.Build.0 = Debug|Any CPU
		{CF9C7955-1C0F-444A-A631-8283CD766C4A}.Release|Any CPU.ActiveCfg = Release|Any CPU
		{CF9C7955-1C0F-444A-A631-8283CD766C4A}.Release|Any CPU.Build.0 = Release|Any CPU
	EndGlobalSection
	GlobalSection(SolutionProperties) = preSolution
		HideSolutionNode = FALSE
	EndGlobalSection
	GlobalSection(ExtensibilityGlobals) = postSolution
		SolutionGuid = {CFC1388B-962E-4A9D-9192-D067868A6615}
	EndGlobalSection
EndGlobal
